
Microsoft Visual Studio Solution File, Format Version 12.00
# Visual Studio Version 17
VisualStudioVersion = 17.14.35821.62 d17.14
MinimumVisualStudioVersion = 10.0.40219.1
Project("{FAE04EC0-301F-11D3-BF4B-00C04F79EFBC}") = "nano-gpt", "nano-gpt\nano-gpt.csproj", "{2230C083-BDD7-4BA1-AA96-345B725B169C}"
EndProject
Project("{FAE04EC0-301F-11D3-BF4B-00C04F79EFBC}") = "gpu-test", "gpu-test\gpu-test.csproj", "{FFEBE8E4-6027-432A-AAA8-4CA4C439FF23}"
EndProject
Project("{FAE04EC0-301F-11D3-BF4B-00C04F79EFBC}") = "cpu-test", "cpu-test\cpu-test.csproj", "{E473B088-5048-4660-9D56-5E8200592F40}"
EndProject
Project("{FAE04EC0-301F-11D3-BF4B-00C04F79EFBC}") = "dataset-loader-text", "dataset-loader-text\dataset-loader-text.csproj", "{532D05B0-AC31-4E08-A96D-252F01D98C98}"
EndProject
Project("{FAE04EC0-301F-11D3-BF4B-00C04F79EFBC}") = "cmd", "cmd\cmd.csproj", "{38FA0AB1-5936-C5C4-1A98-B6E96DF2F7B3}"
EndProject
Project("{FAE04EC0-301F-11D3-BF4B-00C04F79EFBC}") = "lib-io", "C:\Users\Iven\source\repos\kcg-xlib\lib-io\lib-io.csproj", "{482DDF0A-AA32-C21B-BFA4-CB2C83330336}"
EndProject
Project("{FAE04EC0-301F-11D3-BF4B-00C04F79EFBC}") = "lib-log", "C:\Users\Iven\source\repos\kcg-xlib\lib-log\lib-log.csproj", "{02ED2FF4-BC86-13BA-78A0-88A5A6A1B6EF}"
EndProject
Global
	GlobalSection(SolutionConfigurationPlatforms) = preSolution
		Debug|Any CPU = Debug|Any CPU
		Release|Any CPU = Release|Any CPU
	EndGlobalSection
	GlobalSection(ProjectConfigurationPlatforms) = postSolution
		{2230C083-BDD7-4BA1-AA96-345B725B169C}.Debug|Any CPU.ActiveCfg = Debug|Any CPU
		{2230C083-BDD7-4BA1-AA96-345B725B169C}.Debug|Any CPU.Build.0 = Debug|Any CPU
		{2230C083-BDD7-4BA1-AA96-345B725B169C}.Release|Any CPU.ActiveCfg = Release|Any CPU
		{2230C083-BDD7-4BA1-AA96-345B725B169C}.Release|Any CPU.Build.0 = Release|Any CPU
		{FFEBE8E4-6027-432A-AAA8-4CA4C439FF23}.Debug|Any CPU.ActiveCfg = Debug|Any CPU
		{FFEBE8E4-6027-432A-AAA8-4CA4C439FF23}.Debug|Any CPU.Build.0 = Debug|Any CPU
		{FFEBE8E4-6027-432A-AAA8-4CA4C439FF23}.Release|Any CPU.ActiveCfg = Release|Any CPU
		{FFEBE8E4-6027-432A-AAA8-4CA4C439FF23}.Release|Any CPU.Build.0 = Release|Any CPU
		{E473B088-5048-4660-9D56-5E8200592F40}.Debug|Any CPU.ActiveCfg = Debug|Any CPU
		{E473B088-5048-4660-9D56-5E8200592F40}.Debug|Any CPU.Build.0 = Debug|Any CPU
		{E473B088-5048-4660-9D56-5E8200592F40}.Release|Any CPU.ActiveCfg = Release|Any CPU
		{E473B088-5048-4660-9D56-5E8200592F40}.Release|Any CPU.Build.0 = Release|Any CPU
		{532D05B0-AC31-4E08-A96D-252F01D98C98}.Debug|Any CPU.ActiveCfg = Debug|Any CPU
		{532D05B0-AC31-4E08-A96D-252F01D98C98}.Debug|Any CPU.Build.0 = Debug|Any CPU
		{532D05B0-AC31-4E08-A96D-252F01D98C98}.Release|Any CPU.ActiveCfg = Release|Any CPU
		{532D05B0-AC31-4E08-A96D-252F01D98C98}.Release|Any CPU.Build.0 = Release|Any CPU
		{38FA0AB1-5936-C5C4-1A98-B6E96DF2F7B3}.Debug|Any CPU.ActiveCfg = Debug|Any CPU
		{38FA0AB1-5936-C5C4-1A98-B6E96DF2F7B3}.Debug|Any CPU.Build.0 = Debug|Any CPU
		{38FA0AB1-5936-C5C4-1A98-B6E96DF2F7B3}.Release|Any CPU.ActiveCfg = Release|Any CPU
		{38FA0AB1-5936-C5C4-1A98-B6E96DF2F7B3}.Release|Any CPU.Build.0 = Release|Any CPU
		{482DDF0A-AA32-C21B-BFA4-CB2C83330336}.Debug|Any CPU.ActiveCfg = Debug|Any CPU
		{482DDF0A-AA32-C21B-BFA4-CB2C83330336}.Debug|Any CPU.Build.0 = Debug|Any CPU
		{482DDF0A-AA32-C21B-BFA4-CB2C83330336}.Release|Any CPU.ActiveCfg = Release|Any CPU
		{482DDF0A-AA32-C21B-BFA4-CB2C83330336}.Release|Any CPU.Build.0 = Release|Any CPU
		{02ED2FF4-BC86-13BA-78A0-88A5A6A1B6EF}.Debug|Any CPU.ActiveCfg = Debug|Any CPU
		{02ED2FF4-BC86-13BA-78A0-88A5A6A1B6EF}.Debug|Any CPU.Build.0 = Debug|Any CPU
		{02ED2FF4-BC86-13BA-78A0-88A5A6A1B6EF}.Release|Any CPU.ActiveCfg = Release|Any CPU
		{02ED2FF4-BC86-13BA-78A0-88A5A6A1B6EF}.Release|Any CPU.Build.0 = Release|Any CPU
	EndGlobalSection
	GlobalSection(SolutionProperties) = preSolution
		HideSolutionNode = FALSE
	EndGlobalSection
	GlobalSection(ExtensibilityGlobals) = postSolution
		SolutionGuid = {5041052B-1F3A-4A72-B6CF-A149C682834A}
	EndGlobalSection
EndGlobal
